// !$*UTF8*$!
{
	archiveVersion = 1;
	classes = {
	};
	objectVersion = 50;
	objects = {

/* Begin PBXBuildFile section */
		F937F86A246FEF45005ACF46 /* AppDelegate.swift in Sources */ = {isa = PBXBuildFile; fileRef = F937F869246FEF45005ACF46 /* AppDelegate.swift */; };
		F937F86C246FEF45005ACF46 /* SceneDelegate.swift in Sources */ = {isa = PBXBuildFile; fileRef = F937F86B246FEF45005ACF46 /* SceneDelegate.swift */; };
		F937F86E246FEF45005ACF46 /* ViewController.swift in Sources */ = {isa = PBXBuildFile; fileRef = F937F86D246FEF45005ACF46 /* ViewController.swift */; };
		F937F871246FEF45005ACF46 /* Main.storyboard in Resources */ = {isa = PBXBuildFile; fileRef = F937F86F246FEF45005ACF46 /* Main.storyboard */; };
		F937F873246FEF47005ACF46 /* Assets.xcassets in Resources */ = {isa = PBXBuildFile; fileRef = F937F872246FEF47005ACF46 /* Assets.xcassets */; };
		F937F876246FEF47005ACF46 /* LaunchScreen.storyboard in Resources */ = {isa = PBXBuildFile; fileRef = F937F874246FEF47005ACF46 /* LaunchScreen.storyboard */; };
		F937F881246FEF48005ACF46 /* PhotoMasterTests.swift in Sources */ = {isa = PBXBuildFile; fileRef = F937F880246FEF48005ACF46 /* PhotoMasterTests.swift */; };
		F937F88C246FEF48005ACF46 /* PhotoMasterUITests.swift in Sources */ = {isa = PBXBuildFile; fileRef = F937F88B246FEF48005ACF46 /* PhotoMasterUITests.swift */; };
/* End PBXBuildFile section */

/* Begin PBXContainerItemProxy section */
		F937F87D246FEF48005ACF46 /* PBXContainerItemProxy */ = {
			isa = PBXContainerItemProxy;
			containerPortal = F937F85E246FEF45005ACF46 /* Project object */;
			proxyType = 1;
			remoteGlobalIDString = F937F865246FEF45005ACF46;
			remoteInfo = PhotoMaster;
		};
		F937F888246FEF48005ACF46 /* PBXContainerItemProxy */ = {
			isa = PBXContainerItemProxy;
			containerPortal = F937F85E246FEF45005ACF46 /* Project object */;
			proxyType = 1;
			remoteGlobalIDString = F937F865246FEF45005ACF46;
			remoteInfo = PhotoMaster;
		};
/* End PBXContainerItemProxy section */

/* Begin PBXFileReference section */
		F937F866246FEF45005ACF46 /* PhotoMaster.app */ = {isa = PBXFileReference; explicitFileType = wrapper.application; includeInIndex = 0; path = PhotoMaster.app; sourceTree = BUILT_PRODUCTS_DIR; };
		F937F869246FEF45005ACF46 /* AppDelegate.swift */ = {isa = PBXFileReference; lastKnownFileType = sourcecode.swift; path = AppDelegate.swift; sourceTree = "<group>"; };
		F937F86B246FEF45005ACF46 /* SceneDelegate.swift */ = {isa = PBXFileReference; lastKnownFileType = sourcecode.swift; path = SceneDelegate.swift; sourceTree = "<group>"; };
		F937F86D246FEF45005ACF46 /* ViewController.swift */ = {isa = PBXFileReference; lastKnownFileType = sourcecode.swift; path = ViewController.swift; sourceTree = "<group>"; };
		F937F870246FEF45005ACF46 /* Base */ = {isa = PBXFileReference; lastKnownFileType = file.storyboard; name = Base; path = Base.lproj/Main.storyboard; sourceTree = "<group>"; };
		F937F872246FEF47005ACF46 /* Assets.xcassets */ = {isa = PBXFileReference; lastKnownFileType = folder.assetcatalog; path = Assets.xcassets; sourceTree = "<group>"; };
		F937F875246FEF47005ACF46 /* Base */ = {isa = PBXFileReference; lastKnownFileType = file.storyboard; name = Base; path = Base.lproj/LaunchScreen.storyboard; sourceTree = "<group>"; };
		F937F877246FEF47005ACF46 /* Info.plist */ = {isa = PBXFileReference; lastKnownFileType = text.plist.xml; path = Info.plist; sourceTree = "<group>"; };
		F937F87C246FEF48005ACF46 /* PhotoMasterTests.xctest */ = {isa = PBXFileReference; explicitFileType = wrapper.cfbundle; includeInIndex = 0; path = PhotoMasterTests.xctest; sourceTree = BUILT_PRODUCTS_DIR; };
		F937F880246FEF48005ACF46 /* PhotoMasterTests.swift */ = {isa = PBXFileReference; lastKnownFileType = sourcecode.swift; path = PhotoMasterTests.swift; sourceTree = "<group>"; };
		F937F882246FEF48005ACF46 /* Info.plist */ = {isa = PBXFileReference; lastKnownFileType = text.plist.xml; path = Info.plist; sourceTree = "<group>"; };
		F937F887246FEF48005ACF46 /* PhotoMasterUITests.xctest */ = {isa = PBXFileReference; explicitFileType = wrapper.cfbundle; includeInIndex = 0; path = PhotoMasterUITests.xctest; sourceTree = BUILT_PRODUCTS_DIR; };
		F937F88B246FEF48005ACF46 /* PhotoMasterUITests.swift */ = {isa = PBXFileReference; lastKnownFileType = sourcecode.swift; path = PhotoMasterUITests.swift; sourceTree = "<group>"; };
		F937F88D246FEF48005ACF46 /* Info.plist */ = {isa = PBXFileReference; lastKnownFileType = text.plist.xml; path = Info.plist; sourceTree = "<group>"; };
/* End PBXFileReference section */

/* Begin PBXFrameworksBuildPhase section */
		F937F863246FEF45005ACF46 /* Frameworks */ = {
			isa = PBXFrameworksBuildPhase;
			buildActionMask = 2147483647;
			files = (
			);
			runOnlyForDeploymentPostprocessing = 0;
		};
		F937F879246FEF48005ACF46 /* Frameworks */ = {
			isa = PBXFrameworksBuildPhase;
			buildActionMask = 2147483647;
			files = (
			);
			runOnlyForDeploymentPostprocessing = 0;
		};
		F937F884246FEF48005ACF46 /* Frameworks */ = {
			isa = PBXFrameworksBuildPhase;
			buildActionMask = 2147483647;
			files = (
			);
			runOnlyForDeploymentPostprocessing = 0;
		};
/* End PBXFrameworksBuildPhase section */

/* Begin PBXGroup section */
		F937F85D246FEF45005ACF46 = {
			isa = PBXGroup;
			children = (
				F937F868246FEF45005ACF46 /* PhotoMaster */,
				F937F87F246FEF48005ACF46 /* PhotoMasterTests */,
				F937F88A246FEF48005ACF46 /* PhotoMasterUITests */,
				F937F867246FEF45005ACF46 /* Products */,
			);
			sourceTree = "<group>";
		};
		F937F867246FEF45005ACF46 /* Products */ = {
			isa = PBXGroup;
			children = (
				F937F866246FEF45005ACF46 /* PhotoMaster.app */,
				F937F87C246FEF48005ACF46 /* PhotoMasterTests.xctest */,
				F937F887246FEF48005ACF46 /* PhotoMasterUITests.xctest */,
			);
			name = Products;
			sourceTree = "<group>";
		};
		F937F868246FEF45005ACF46 /* PhotoMaster */ = {
			isa = PBXGroup;
			children = (
				F937F869246FEF45005ACF46 /* AppDelegate.swift */,
				F937F86B246FEF45005ACF46 /* SceneDelegate.swift */,
				F937F86D246FEF45005ACF46 /* ViewController.swift */,
				F937F86F246FEF45005ACF46 /* Main.storyboard */,
				F937F872246FEF47005ACF46 /* Assets.xcassets */,
				F937F874246FEF47005ACF46 /* LaunchScreen.storyboard */,
				F937F877246FEF47005ACF46 /* Info.plist */,
			);
			path = PhotoMaster;
			sourceTree = "<group>";
		};
		F937F87F246FEF48005ACF46 /* PhotoMasterTests */ = {
			isa = PBXGroup;
			children = (
				F937F880246FEF48005ACF46 /* PhotoMasterTests.swift */,
				F937F882246FEF48005ACF46 /* Info.plist */,
			);
			path = PhotoMasterTests;
			sourceTree = "<group>";
		};
		F937F88A246FEF48005ACF46 /* PhotoMasterUITests */ = {
			isa = PBXGroup;
			children = (
				F937F88B246FEF48005ACF46 /* PhotoMasterUITests.swift */,
				F937F88D246FEF48005ACF46 /* Info.plist */,
			);
			path = PhotoMasterUITests;
			sourceTree = "<group>";
		};
/* End PBXGroup section */

/* Begin PBXNativeTarget section */
		F937F865246FEF45005ACF46 /* PhotoMaster */ = {
			isa = PBXNativeTarget;
			buildConfigurationList = F937F890246FEF48005ACF46 /* Build configuration list for PBXNativeTarget "PhotoMaster" */;
			buildPhases = (
				F937F862246FEF45005ACF46 /* Sources */,
				F937F863246FEF45005ACF46 /* Frameworks */,
				F937F864246FEF45005ACF46 /* Resources */,
			);
			buildRules = (
			);
			dependencies = (
			);
			name = PhotoMaster;
			productName = PhotoMaster;
			productReference = F937F866246FEF45005ACF46 /* PhotoMaster.app */;
			productType = "com.apple.product-type.application";
		};
		F937F87B246FEF48005ACF46 /* PhotoMasterTests */ = {
			isa = PBXNativeTarget;
			buildConfigurationList = F937F893246FEF48005ACF46 /* Build configuration list for PBXNativeTarget "PhotoMasterTests" */;
			buildPhases = (
				F937F878246FEF48005ACF46 /* Sources */,
				F937F879246FEF48005ACF46 /* Frameworks */,
				F937F87A246FEF48005ACF46 /* Resources */,
			);
			buildRules = (
			);
			dependencies = (
				F937F87E246FEF48005ACF46 /* PBXTargetDependency */,
			);
			name = PhotoMasterTests;
			productName = PhotoMasterTests;
			productReference = F937F87C246FEF48005ACF46 /* PhotoMasterTests.xctest */;
			productType = "com.apple.product-type.bundle.unit-test";
		};
		F937F886246FEF48005ACF46 /* PhotoMasterUITests */ = {
			isa = PBXNativeTarget;
			buildConfigurationList = F937F896246FEF48005ACF46 /* Build configuration list for PBXNativeTarget "PhotoMasterUITests" */;
			buildPhases = (
				F937F883246FEF48005ACF46 /* Sources */,
				F937F884246FEF48005ACF46 /* Frameworks */,
				F937F885246FEF48005ACF46 /* Resources */,
			);
			buildRules = (
			);
			dependencies = (
				F937F889246FEF48005ACF46 /* PBXTargetDependency */,
			);
			name = PhotoMasterUITests;
			productName = PhotoMasterUITests;
			productReference = F937F887246FEF48005ACF46 /* PhotoMasterUITests.xctest */;
			productType = "com.apple.product-type.bundle.ui-testing";
		};
/* End PBXNativeTarget section */

/* Begin PBXProject section */
		F937F85E246FEF45005ACF46 /* Project object */ = {
			isa = PBXProject;
			attributes = {
				LastSwiftUpdateCheck = 1140;
				LastUpgradeCheck = 1140;
				ORGANIZATIONNAME = "Uematsu Well";
				TargetAttributes = {
					F937F865246FEF45005ACF46 = {
						CreatedOnToolsVersion = 11.4.1;
					};
					F937F87B246FEF48005ACF46 = {
						CreatedOnToolsVersion = 11.4.1;
						TestTargetID = F937F865246FEF45005ACF46;
					};
					F937F886246FEF48005ACF46 = {
						CreatedOnToolsVersion = 11.4.1;
						TestTargetID = F937F865246FEF45005ACF46;
					};
				};
			};
			buildConfigurationList = F937F861246FEF45005ACF46 /* Build configuration list for PBXProject "PhotoMaster" */;
			compatibilityVersion = "Xcode 9.3";
			developmentRegion = en;
			hasScannedForEncodings = 0;
			knownRegions = (
				en,
				Base,
			);
			mainGroup = F937F85D246FEF45005ACF46;
			productRefGroup = F937F867246FEF45005ACF46 /* Products */;
			projectDirPath = "";
			projectRoot = "";
			targets = (
				F937F865246FEF45005ACF46 /* PhotoMaster */,
				F937F87B246FEF48005ACF46 /* PhotoMasterTests */,
				F937F886246FEF48005ACF46 /* PhotoMasterUITests */,
			);
		};
/* End PBXProject section */

/* Begin PBXResourcesBuildPhase section */
		F937F864246FEF45005ACF46 /* Resources */ = {
			isa = PBXResourcesBuildPhase;
			buildActionMask = 2147483647;
			files = (
				F937F876246FEF47005ACF46 /* LaunchScreen.storyboard in Resources */,
				F937F873246FEF47005ACF46 /* Assets.xcassets in Resources */,
				F937F871246FEF45005ACF46 /* Main.storyboard in Resources */,
			);
			runOnlyForDeploymentPostprocessing = 0;
		};
		F937F87A246FEF48005ACF46 /* Resources */ = {
			isa = PBXResourcesBuildPhase;
			buildActionMask = 2147483647;
			files = (
			);
			runOnlyForDeploymentPostprocessing = 0;
		};
		F937F885246FEF48005ACF46 /* Resources */ = {
			isa = PBXResourcesBuildPhase;
			buildActionMask = 2147483647;
			files = (
			);
			runOnlyForDeploymentPostprocessing = 0;
		};
/* End PBXResourcesBuildPhase section */

/* Begin PBXSourcesBuildPhase section */
		F937F862246FEF45005ACF46 /* Sources */ = {
			isa = PBXSourcesBuildPhase;
			buildActionMask = 2147483647;
			files = (
				F937F86E246FEF45005ACF46 /* ViewController.swift in Sources */,
				F937F86A246FEF45005ACF46 /* AppDelegate.swift in Sources */,
				F937F86C246FEF45005ACF46 /* SceneDelegate.swift in Sources */,
			);
			runOnlyForDeploymentPostprocessing = 0;
		};
		F937F878246FEF48005ACF46 /* Sources */ = {
			isa = PBXSourcesBuildPhase;
			buildActionMask = 2147483647;
			files = (
				F937F881246FEF48005ACF46 /* PhotoMasterTests.swift in Sources */,
			);
			runOnlyForDeploymentPostprocessing = 0;
		};
		F937F883246FEF48005ACF46 /* Sources */ = {
			isa = PBXSourcesBuildPhase;
			buildActionMask = 2147483647;
			files = (
				F937F88C246FEF48005ACF46 /* PhotoMasterUITests.swift in Sources */,
			);
			runOnlyForDeploymentPostprocessing = 0;
		};
/* End PBXSourcesBuildPhase section */

/* Begin PBXTargetDependency section */
		F937F87E246FEF48005ACF46 /* PBXTargetDependency */ = {
			isa = PBXTargetDependency;
			target = F937F865246FEF45005ACF46 /* PhotoMaster */;
			targetProxy = F937F87D246FEF48005ACF46 /* PBXContainerItemProxy */;
		};
		F937F889246FEF48005ACF46 /* PBXTargetDependency */ = {
			isa = PBXTargetDependency;
			target = F937F865246FEF45005ACF46 /* PhotoMaster */;
			targetProxy = F937F888246FEF48005ACF46 /* PBXContainerItemProxy */;
		};
/* End PBXTargetDependency section */

/* Begin PBXVariantGroup section */
		F937F86F246FEF45005ACF46 /* Main.storyboard */ = {
			isa = PBXVariantGroup;
			children = (
				F937F870246FEF45005ACF46 /* Base */,
			);
			name = Main.storyboard;
			sourceTree = "<group>";
		};
		F937F874246FEF47005ACF46 /* LaunchScreen.storyboard */ = {
			isa = PBXVariantGroup;
			children = (
				F937F875246FEF47005ACF46 /* Base */,
			);
			name = LaunchScreen.storyboard;
			sourceTree = "<group>";
		};
/* End PBXVariantGroup section */

/* Begin XCBuildConfiguration section */
		F937F88E246FEF48005ACF46 /* Debug */ = {
			isa = XCBuildConfiguration;
			buildSettings = {
				ALWAYS_SEARCH_USER_PATHS = NO;
				CLANG_ANALYZER_NONNULL = YES;
				CLANG_ANALYZER_NUMBER_OBJECT_CONVERSION = YES_AGGRESSIVE;
				CLANG_CXX_LANGUAGE_STANDARD = "gnu++14";
				CLANG_CXX_LIBRARY = "libc++";
				CLANG_ENABLE_MODULES = YES;
				CLANG_ENABLE_OBJC_ARC = YES;
				CLANG_ENABLE_OBJC_WEAK = YES;
				CLANG_WARN_BLOCK_CAPTURE_AUTORELEASING = YES;
				CLANG_WARN_BOOL_CONVERSION = YES;
				CLANG_WARN_COMMA = YES;
				CLANG_WARN_CONSTANT_CONVERSION = YES;
				CLANG_WARN_DEPRECATED_OBJC_IMPLEMENTATIONS = YES;
				CLANG_WARN_DIRECT_OBJC_ISA_USAGE = YES_ERROR;
				CLANG_WARN_DOCUMENTATION_COMMENTS = YES;
				CLANG_WARN_EMPTY_BODY = YES;
				CLANG_WARN_ENUM_CONVERSION = YES;
				CLANG_WARN_INFINITE_RECURSION = YES;
				CLANG_WARN_INT_CONVERSION = YES;
				CLANG_WARN_NON_LITERAL_NULL_CONVERSION = YES;
				CLANG_WARN_OBJC_IMPLICIT_RETAIN_SELF = YES;
				CLANG_WARN_OBJC_LITERAL_CONVERSION = YES;
				CLANG_WARN_OBJC_ROOT_CLASS = YES_ERROR;
				CLANG_WARN_RANGE_LOOP_ANALYSIS = YES;
				CLANG_WARN_STRICT_PROTOTYPES = YES;
				CLANG_WARN_SUSPICIOUS_MOVE = YES;
				CLANG_WARN_UNGUARDED_AVAILABILITY = YES_AGGRESSIVE;
				CLANG_WARN_UNREACHABLE_CODE = YES;
				CLANG_WARN__DUPLICATE_METHOD_MATCH = YES;
				COPY_PHASE_STRIP = NO;
				DEBUG_INFORMATION_FORMAT = dwarf;
				ENABLE_STRICT_OBJC_MSGSEND = YES;
				ENABLE_TESTABILITY = YES;
				GCC_C_LANGUAGE_STANDARD = gnu11;
				GCC_DYNAMIC_NO_PIC = NO;
				GCC_NO_COMMON_BLOCKS = YES;
				GCC_OPTIMIZATION_LEVEL = 0;
				GCC_PREPROCESSOR_DEFINITIONS = (
					"DEBUG=1",
					"$(inherited)",
				);
				GCC_WARN_64_TO_32_BIT_CONVERSION = YES;
				GCC_WARN_ABOUT_RETURN_TYPE = YES_ERROR;
				GCC_WARN_UNDECLARED_SELECTOR = YES;
				GCC_WARN_UNINITIALIZED_AUTOS = YES_AGGRESSIVE;
				GCC_WARN_UNUSED_FUNCTION = YES;
				GCC_WARN_UNUSED_VARIABLE = YES;
				IPHONEOS_DEPLOYMENT_TARGET = 13.4;
				MTL_ENABLE_DEBUG_INFO = INCLUDE_SOURCE;
				MTL_FAST_MATH = YES;
				ONLY_ACTIVE_ARCH = YES;
				SDKROOT = iphoneos;
				SWIFT_ACTIVE_COMPILATION_CONDITIONS = DEBUG;
				SWIFT_OPTIMIZATION_LEVEL = "-Onone";
			};
			name = Debug;
		};
		F937F88F246FEF48005ACF46 /* Release */ = {
			isa = XCBuildConfiguration;
			buildSettings = {
				ALWAYS_SEARCH_USER_PATHS = NO;
				CLANG_ANALYZER_NONNULL = YES;
				CLANG_ANALYZER_NUMBER_OBJECT_CONVERSION = YES_AGGRESSIVE;
				CLANG_CXX_LANGUAGE_STANDARD = "gnu++14";
				CLANG_CXX_LIBRARY = "libc++";
				CLANG_ENABLE_MODULES = YES;
				CLANG_ENABLE_OBJC_ARC = YES;
				CLANG_ENABLE_OBJC_WEAK = YES;
				CLANG_WARN_BLOCK_CAPTURE_AUTORELEASING = YES;
				CLANG_WARN_BOOL_CONVERSION = YES;
				CLANG_WARN_COMMA = YES;
				CLANG_WARN_CONSTANT_CONVERSION = YES;
				CLANG_WARN_DEPRECATED_OBJC_IMPLEMENTATIONS = YES;
				CLANG_WARN_DIRECT_OBJC_ISA_USAGE = YES_ERROR;
				CLANG_WARN_DOCUMENTATION_COMMENTS = YES;
				CLANG_WARN_EMPTY_BODY = YES;
				CLANG_WARN_ENUM_CONVERSION = YES;
				CLANG_WARN_INFINITE_RECURSION = YES;
				CLANG_WARN_INT_CONVERSION = YES;
				CLANG_WARN_NON_LITERAL_NULL_CONVERSION = YES;
				CLANG_WARN_OBJC_IMPLICIT_RETAIN_SELF = YES;
				CLANG_WARN_OBJC_LITERAL_CONVERSION = YES;
				CLANG_WARN_OBJC_ROOT_CLASS = YES_ERROR;
				CLANG_WARN_RANGE_LOOP_ANALYSIS = YES;
				CLANG_WARN_STRICT_PROTOTYPES = YES;
				CLANG_WARN_SUSPICIOUS_MOVE = YES;
				CLANG_WARN_UNGUARDED_AVAILABILITY = YES_AGGRESSIVE;
				CLANG_WARN_UNREACHABLE_CODE = YES;
				CLANG_WARN__DUPLICATE_METHOD_MATCH = YES;
				COPY_PHASE_STRIP = NO;
				DEBUG_INFORMATION_FORMAT = "dwarf-with-dsym";
				ENABLE_NS_ASSERTIONS = NO;
				ENABLE_STRICT_OBJC_MSGSEND = YES;
				GCC_C_LANGUAGE_STANDARD = gnu11;
				GCC_NO_COMMON_BLOCKS = YES;
				GCC_WARN_64_TO_32_BIT_CONVERSION = YES;
				GCC_WARN_ABOUT_RETURN_TYPE = YES_ERROR;
				GCC_WARN_UNDECLARED_SELECTOR = YES;
				GCC_WARN_UNINITIALIZED_AUTOS = YES_AGGRESSIVE;
				GCC_WARN_UNUSED_FUNCTION = YES;
				GCC_WARN_UNUSED_VARIABLE = YES;
				IPHONEOS_DEPLOYMENT_TARGET = 13.4;
				MTL_ENABLE_DEBUG_INFO = NO;
				MTL_FAST_MATH = YES;
				SDKROOT = iphoneos;
				SWIFT_COMPILATION_MODE = wholemodule;
				SWIFT_OPTIMIZATION_LEVEL = "-O";
				VALIDATE_PRODUCT = YES;
			};
			name = Release;
		};
		F937F891246FEF48005ACF46 /* Debug */ = {
			isa = XCBuildConfiguration;
			buildSettings = {
				ASSETCATALOG_COMPILER_APPICON_NAME = AppIcon;
				CODE_SIGN_STYLE = Automatic;
				DEVELOPMENT_TEAM = 562DQXBLHC;
				INFOPLIST_FILE = PhotoMaster/Info.plist;
				LD_RUNPATH_SEARCH_PATHS = (
					"$(inherited)",
					"@executable_path/Frameworks",
				);
				PRODUCT_BUNDLE_IDENTIFIER = app.well.uematsu.PhotoMaster;
				PRODUCT_NAME = "$(TARGET_NAME)";
				SWIFT_VERSION = 5.0;
				TARGETED_DEVICE_FAMILY = "1,2";
			};
			name = Debug;
		};
		F937F892246FEF48005ACF46 /* Release */ = {
			isa = XCBuildConfiguration;
			buildSettings = {
				ASSETCATALOG_COMPILER_APPICON_NAME = AppIcon;
				CODE_SIGN_STYLE = Automatic;
				DEVELOPMENT_TEAM = 562DQXBLHC;
				INFOPLIST_FILE = PhotoMaster/Info.plist;
				LD_RUNPATH_SEARCH_PATHS = (
					"$(inherited)",
					"@executable_path/Frameworks",
				);
				PRODUCT_BUNDLE_IDENTIFIER = app.well.uematsu.PhotoMaster;
				PRODUCT_NAME = "$(TARGET_NAME)";
				SWIFT_VERSION = 5.0;
				TARGETED_DEVICE_FAMILY = "1,2";
			};
			name = Release;
		};
		F937F894246FEF48005ACF46 /* Debug */ = {
			isa = XCBuildConfiguration;
			buildSettings = {
				ALWAYS_EMBED_SWIFT_STANDARD_LIBRARIES = YES;
				BUNDLE_LOADER = "$(TEST_HOST)";
				CODE_SIGN_STYLE = Automatic;
				DEVELOPMENT_TEAM = 562DQXBLHC;
				INFOPLIST_FILE = PhotoMasterTests/Info.plist;
				IPHONEOS_DEPLOYMENT_TARGET = 13.4;
				LD_RUNPATH_SEARCH_PATHS = (
					"$(inherited)",
					"@executable_path/Frameworks",
					"@loader_path/Frameworks",
				);
				PRODUCT_BUNDLE_IDENTIFIER = app.well.uematsu.PhotoMasterTests;
				PRODUCT_NAME = "$(TARGET_NAME)";
				SWIFT_VERSION = 5.0;
				TARGETED_DEVICE_FAMILY = "1,2";
				TEST_HOST = "$(BUILT_PRODUCTS_DIR)/PhotoMaster.app/PhotoMaster";
			};
			name = Debug;
		};
		F937F895246FEF48005ACF46 /* Release */ = {
			isa = XCBuildConfiguration;
			buildSettings = {
				ALWAYS_EMBED_SWIFT_STANDARD_LIBRARIES = YES;
				BUNDLE_LOADER = "$(TEST_HOST)";
				CODE_SIGN_STYLE = Automatic;
				DEVELOPMENT_TEAM = 562DQXBLHC;
				INFOPLIST_FILE = PhotoMasterTests/Info.plist;
				IPHONEOS_DEPLOYMENT_TARGET = 13.4;
				LD_RUNPATH_SEARCH_PATHS = (
					"$(inherited)",
					"@executable_path/Frameworks",
					"@loader_path/Frameworks",
				);
				PRODUCT_BUNDLE_IDENTIFIER = app.well.uematsu.PhotoMasterTests;
				PRODUCT_NAME = "$(TARGET_NAME)";
				SWIFT_VERSION = 5.0;
				TARGETED_DEVICE_FAMILY = "1,2";
				TEST_HOST = "$(BUILT_PRODUCTS_DIR)/PhotoMaster.app/PhotoMaster";
			};
			name = Release;
		};
		F937F897246FEF48005ACF46 /* Debug */ = {
			isa = XCBuildConfiguration;
			buildSettings = {
				ALWAYS_EMBED_SWIFT_STANDARD_LIBRARIES = YES;
				CODE_SIGN_STYLE = Automatic;
				DEVELOPMENT_TEAM = 562DQXBLHC;
				INFOPLIST_FILE = PhotoMasterUITests/Info.plist;
				LD_RUNPATH_SEARCH_PATHS = (
					"$(inherited)",
					"@executable_path/Frameworks",
					"@loader_path/Frameworks",
				);
				PRODUCT_BUNDLE_IDENTIFIER = app.well.uematsu.PhotoMasterUITests;
				PRODUCT_NAME = "$(TARGET_NAME)";
				SWIFT_VERSION = 5.0;
				TARGETED_DEVICE_FAMILY = "1,2";
				TEST_TARGET_NAME = PhotoMaster;
			};
			name = Debug;
		};
		F937F898246FEF48005ACF46 /* Release */ = {
			isa = XCBuildConfiguration;
			buildSettings = {
				ALWAYS_EMBED_SWIFT_STANDARD_LIBRARIES = YES;
				CODE_SIGN_STYLE = Automatic;
				DEVELOPMENT_TEAM = 562DQXBLHC;
				INFOPLIST_FILE = PhotoMasterUITests/Info.plist;
				LD_RUNPATH_SEARCH_PATHS = (
					"$(inherited)",
					"@executable_path/Frameworks",
					"@loader_path/Frameworks",
				);
				PRODUCT_BUNDLE_IDENTIFIER = app.well.uematsu.PhotoMasterUITests;
				PRODUCT_NAME = "$(TARGET_NAME)";
				SWIFT_VERSION = 5.0;
				TARGETED_DEVICE_FAMILY = "1,2";
				TEST_TARGET_NAME = PhotoMaster;
			};
			name = Release;
		};
/* End XCBuildConfiguration section */

/* Begin XCConfigurationList section */
		F937F861246FEF45005ACF46 /* Build configuration list for PBXProject "PhotoMaster" */ = {
			isa = XCConfigurationList;
			buildConfigurations = (
				F937F88E246FEF48005ACF46 /* Debug */,
				F937F88F246FEF48005ACF46 /* Release */,
			);
			defaultConfigurationIsVisible = 0;
			defaultConfigurationName = Release;
		};
		F937F890246FEF48005ACF46 /* Build configuration list for PBXNativeTarget "PhotoMaster" */ = {
			isa = XCConfigurationList;
			buildConfigurations = (
				F937F891246FEF48005ACF46 /* Debug */,
				F937F892246FEF48005ACF46 /* Release */,
			);
			defaultConfigurationIsVisible = 0;
			defaultConfigurationName = Release;
		};
		F937F893246FEF48005ACF46 /* Build configuration list for PBXNativeTarget "PhotoMasterTests" */ = {
			isa = XCConfigurationList;
			buildConfigurations = (
				F937F894246FEF48005ACF46 /* Debug */,
				F937F895246FEF48005ACF46 /* Release */,
			);
			defaultConfigurationIsVisible = 0;
			defaultConfigurationName = Release;
		};
		F937F896246FEF48005ACF46 /* Build configuration list for PBXNativeTarget "PhotoMasterUITests" */ = {
			isa = XCConfigurationList;
			buildConfigurations = (
				F937F897246FEF48005ACF46 /* Debug */,
				F937F898246FEF48005ACF46 /* Release */,
			);
			defaultConfigurationIsVisible = 0;
			defaultConfigurationName = Release;
		};
/* End XCConfigurationList section */
	};
	rootObject = F937F85E246FEF45005ACF46 /* Project object */;
}
